
Microsoft Visual Studio Solution File, Format Version 12.00
# Visual Studio Version 16
VisualStudioVersion = 16.0.30011.22
MinimumVisualStudioVersion = 10.0.40219.1
Project("{9A19103F-16F7-4668-BE54-9A1E7A4F7556}") = "Domain", "Domain\Domain.csproj", "{53C66ECD-DCD9-4A50-B9DF-AA83F6DFA180}"
EndProject
Project("{9A19103F-16F7-4668-BE54-9A1E7A4F7556}") = "DomainTest", "DomainTest\DomainTest.csproj", "{9E383849-8046-47E5-B6AF-903167BA5D01}"
EndProject
Project("{9A19103F-16F7-4668-BE54-9A1E7A4F7556}") = "Infrastructure", "Infrastructure\Infrastructure.csproj", "{D66F1D74-66ED-4A21-A06B-09DF147539D8}"
EndProject
Project("{9A19103F-16F7-4668-BE54-9A1E7A4F7556}") = "Application", "Application\Application.csproj", "{67EB22AB-BAD4-4AE1-9C59-6DE4770BDC32}"
EndProject
Project("{FAE04EC0-301F-11D3-BF4B-00C04F79EFBC}") = "WebApi", "WebApi\WebApi.csproj", "{FF9F3A37-4E90-40F4-B379-9C26E7B265BF}"
EndProject
Project("{FAE04EC0-301F-11D3-BF4B-00C04F79EFBC}") = "ApplicationTest", "ApplicationTest\ApplicationTest.csproj", "{FD1B919A-8B28-43EB-B485-53DD4FBB6117}"
EndProject
Global
	GlobalSection(SolutionConfigurationPlatforms) = preSolution
		Debug|Any CPU = Debug|Any CPU
		Release|Any CPU = Release|Any CPU
	EndGlobalSection
	GlobalSection(ProjectConfigurationPlatforms) = postSolution
		{53C66ECD-DCD9-4A50-B9DF-AA83F6DFA180}.Debug|Any CPU.ActiveCfg = Debug|Any CPU
		{53C66ECD-DCD9-4A50-B9DF-AA83F6DFA180}.Debug|Any CPU.Build.0 = Debug|Any CPU
		{53C66ECD-DCD9-4A50-B9DF-AA83F6DFA180}.Release|Any CPU.ActiveCfg = Release|Any CPU
		{53C66ECD-DCD9-4A50-B9DF-AA83F6DFA180}.Release|Any CPU.Build.0 = Release|Any CPU
		{9E383849-8046-47E5-B6AF-903167BA5D01}.Debug|Any CPU.ActiveCfg = Debug|Any CPU
		{9E383849-8046-47E5-B6AF-903167BA5D01}.Debug|Any CPU.Build.0 = Debug|Any CPU
		{9E383849-8046-47E5-B6AF-903167BA5D01}.Release|Any CPU.ActiveCfg = Release|Any CPU
		{9E383849-8046-47E5-B6AF-903167BA5D01}.Release|Any CPU.Build.0 = Release|Any CPU
		{D66F1D74-66ED-4A21-A06B-09DF147539D8}.Debug|Any CPU.ActiveCfg = Debug|Any CPU
		{D66F1D74-66ED-4A21-A06B-09DF147539D8}.Debug|Any CPU.Build.0 = Debug|Any CPU
		{D66F1D74-66ED-4A21-A06B-09DF147539D8}.Release|Any CPU.ActiveCfg = Release|Any CPU
		{D66F1D74-66ED-4A21-A06B-09DF147539D8}.Release|Any CPU.Build.0 = Release|Any CPU
		{67EB22AB-BAD4-4AE1-9C59-6DE4770BDC32}.Debug|Any CPU.ActiveCfg = Debug|Any CPU
		{67EB22AB-BAD4-4AE1-9C59-6DE4770BDC32}.Debug|Any CPU.Build.0 = Debug|Any CPU
		{67EB22AB-BAD4-4AE1-9C59-6DE4770BDC32}.Release|Any CPU.ActiveCfg = Release|Any CPU
		{67EB22AB-BAD4-4AE1-9C59-6DE4770BDC32}.Release|Any CPU.Build.0 = Release|Any CPU
		{FF9F3A37-4E90-40F4-B379-9C26E7B265BF}.Debug|Any CPU.ActiveCfg = Debug|Any CPU
		{FF9F3A37-4E90-40F4-B379-9C26E7B265BF}.Debug|Any CPU.Build.0 = Debug|Any CPU
		{FF9F3A37-4E90-40F4-B379-9C26E7B265BF}.Release|Any CPU.ActiveCfg = Release|Any CPU
		{FF9F3A37-4E90-40F4-B379-9C26E7B265BF}.Release|Any CPU.Build.0 = Release|Any CPU
		{FD1B919A-8B28-43EB-B485-53DD4FBB6117}.Debug|Any CPU.ActiveCfg = Debug|Any CPU
		{FD1B919A-8B28-43EB-B485-53DD4FBB6117}.Debug|Any CPU.Build.0 = Debug|Any CPU
		{FD1B919A-8B28-43EB-B485-53DD4FBB6117}.Release|Any CPU.ActiveCfg = Release|Any CPU
		{FD1B919A-8B28-43EB-B485-53DD4FBB6117}.Release|Any CPU.Build.0 = Release|Any CPU
	EndGlobalSection
	GlobalSection(SolutionProperties) = preSolution
		HideSolutionNode = FALSE
	EndGlobalSection
	GlobalSection(ExtensibilityGlobals) = postSolution
		SolutionGuid = {F0DADFD1-A6A2-4A2C-8229-16DA48BAD3D3}
	EndGlobalSection
EndGlobal
